
Microsoft Visual Studio Solution File, Format Version 12.00
# Visual Studio Version 17
VisualStudioVersion = 17.4.33213.308
MinimumVisualStudioVersion = 10.0.40219.1
Project("{9A19103F-16F7-4668-BE54-9A1E7A4F7556}") = "PlatformX.Messaging.Types", "PlatformX.Messaging.Types\PlatformX.Messaging.Types.csproj", "{24952CDB-CE01-4798-9D13-BA18F2E3BD86}"
EndProject
Project("{9A19103F-16F7-4668-BE54-9A1E7A4F7556}") = "PlatformX.FunctionLayer.Behaviours", "PlatformX.FunctionLayer.Behaviours\PlatformX.FunctionLayer.Behaviours.csproj", "{92A43B25-248D-4B91-ADFB-1B8343D2BBA4}"
EndProject
Project("{9A19103F-16F7-4668-BE54-9A1E7A4F7556}") = "PlatformX.ServiceLayer.Behaviours", "PlatformX.ServiceLayer.Behaviours\PlatformX.ServiceLayer.Behaviours.csproj", "{157D2DF4-8DDB-4469-B058-43B6AA6C7134}"
EndProject
Project("{9A19103F-16F7-4668-BE54-9A1E7A4F7556}") = "PlatformX.Messaging.Behaviours", "PlatformX.Messaging.Behaviours\PlatformX.Messaging.Behaviours.csproj", "{7CBBEC38-AF3B-41CA-82A0-B69F34E7F6B6}"
EndProject
Project("{2150E333-8FDC-42A3-9474-1A3956D46DE8}") = "FunctionLayer", "FunctionLayer", "{273ECF33-04B2-4996-8CE2-AEA1694B9B6E}"
EndProject
Project("{2150E333-8FDC-42A3-9474-1A3956D46DE8}") = "Messaging", "Messaging", "{A1B6D840-014F-4CFA-B683-7B0EF1B3F23F}"
EndProject
Project("{2150E333-8FDC-42A3-9474-1A3956D46DE8}") = "ServiceLayer", "ServiceLayer", "{5989DC6D-D38B-4526-8A99-8F0081B84C79}"
EndProject
Project("{9A19103F-16F7-4668-BE54-9A1E7A4F7556}") = "PlatformX.ServiceLayer.Types", "PlatformX.ServiceLayer.Types\PlatformX.ServiceLayer.Types.csproj", "{24B3EC8C-7485-4236-9F76-EB07FA1F3129}"
EndProject
Project("{2150E333-8FDC-42A3-9474-1A3956D46DE8}") = "Storage", "Storage", "{A584E3AC-D901-4C10-B2B8-849D298F8825}"
EndProject
Project("{2150E333-8FDC-42A3-9474-1A3956D46DE8}") = "Queues", "Queues", "{D8128BCA-F592-425A-BE8B-02E8D6DA8D13}"
EndProject
Project("{9A19103F-16F7-4668-BE54-9A1E7A4F7556}") = "PlatformX.Storage.Behaviours", "PlatformX.Storage.Behaviours\PlatformX.Storage.Behaviours.csproj", "{88AA13A8-81EF-40E5-B05C-389B0515AE0D}"
EndProject
Project("{9A19103F-16F7-4668-BE54-9A1E7A4F7556}") = "PlatformX.Storage.Types", "PlatformX.Storage.Types\PlatformX.Storage.Types.csproj", "{4A3145E3-C57B-41B1-8D68-8AF523BC6D00}"
EndProject
Project("{9A19103F-16F7-4668-BE54-9A1E7A4F7556}") = "PlatformX.Queues.Behaviours", "PlatformX.Queues.Behaviours\PlatformX.Queues.Behaviours.csproj", "{59F9D734-A811-4EE7-B320-ACE9F8987DD5}"
EndProject
Project("{9A19103F-16F7-4668-BE54-9A1E7A4F7556}") = "PlatformX.Queues.Types", "PlatformX.Queues.Types\PlatformX.Queues.Types.csproj", "{C5A6E04E-A4CD-4976-8276-39BE6E88B688}"
EndProject
Project("{9A19103F-16F7-4668-BE54-9A1E7A4F7556}") = "PlatformX.FunctionLayer.Helper", "PlatformX.FunctionLayer.Helper\PlatformX.FunctionLayer.Helper.csproj", "{58C26385-6BA0-4D80-B6F1-1F5E659F8884}"
EndProject
Project("{9A19103F-16F7-4668-BE54-9A1E7A4F7556}") = "PlatformX.FunctionLayer.NTesting", "PlatformX.FunctionLayer.NTesting\PlatformX.FunctionLayer.NTesting.csproj", "{8A4C5C24-04A7-46B1-ADE9-BEF0012317F0}"
EndProject
Project("{9A19103F-16F7-4668-BE54-9A1E7A4F7556}") = "PlatformX.Messaging.Helper", "PlatformX.Messaging.Helper\PlatformX.Messaging.Helper.csproj", "{1E9AD1A5-C125-444A-9535-CDB269498FBD}"
EndProject
Project("{9A19103F-16F7-4668-BE54-9A1E7A4F7556}") = "PlatformX.Messaging.NTesting", "PlatformX.Messaging.NTesting\PlatformX.Messaging.NTesting.csproj", "{6D46213C-629A-4947-8ABD-544BCB87EBA5}"
EndProject
Project("{9A19103F-16F7-4668-BE54-9A1E7A4F7556}") = "PlatformX.Queues.ServiceBus", "PlatformX.Queues.ServiceBus\PlatformX.Queues.ServiceBus.csproj", "{33DB5BE3-C8E8-49EB-AB38-789D48BB7599}"
EndProject
Project("{9A19103F-16F7-4668-BE54-9A1E7A4F7556}") = "PlatformX.Queues.NTesting", "PlatformX.Queues.NTesting\PlatformX.Queues.NTesting.csproj", "{A05F0AE6-AA09-4C25-97CE-BA63AE8BA05B}"
EndProject
Project("{9A19103F-16F7-4668-BE54-9A1E7A4F7556}") = "PlatformX.ServiceLayer.Helper", "PlatformX.ServiceLayer.Helper\PlatformX.ServiceLayer.Helper.csproj", "{4323C46C-3F65-42F7-ACB0-07E99E6F9002}"
EndProject
Project("{9A19103F-16F7-4668-BE54-9A1E7A4F7556}") = "PlatformX.ServiceLayer.NTesting", "PlatformX.ServiceLayer.NTesting\PlatformX.ServiceLayer.NTesting.csproj", "{8B48C8D6-A0B5-4028-86CB-CBFB39AE2016}"
EndProject
Project("{9A19103F-16F7-4668-BE54-9A1E7A4F7556}") = "PlatformX.Storage.StoreClient", "PlatformX.Storage.StoreClient\PlatformX.Storage.StoreClient.csproj", "{A2A3A842-CA21-482E-80E4-84E762B4FE3C}"
EndProject
Project("{9A19103F-16F7-4668-BE54-9A1E7A4F7556}") = "PlatformX.Storage.Azure", "PlatformX.Storage.Azure\PlatformX.Storage.Azure.csproj", "{FF08B17E-943A-4527-8AD6-F267D8678222}"
EndProject
Project("{9A19103F-16F7-4668-BE54-9A1E7A4F7556}") = "PlatformX.Storage.NTesting", "PlatformX.Storage.NTesting\PlatformX.Storage.NTesting.csproj", "{4DD2C628-FF4F-4422-A93F-4FB6F71647C6}"
EndProject
Global
	GlobalSection(SolutionConfigurationPlatforms) = preSolution
		Debug|Any CPU = Debug|Any CPU
		Release|Any CPU = Release|Any CPU
	EndGlobalSection
	GlobalSection(ProjectConfigurationPlatforms) = postSolution
		{24952CDB-CE01-4798-9D13-BA18F2E3BD86}.Debug|Any CPU.ActiveCfg = Debug|Any CPU
		{24952CDB-CE01-4798-9D13-BA18F2E3BD86}.Debug|Any CPU.Build.0 = Debug|Any CPU
		{24952CDB-CE01-4798-9D13-BA18F2E3BD86}.Release|Any CPU.ActiveCfg = Release|Any CPU
		{24952CDB-CE01-4798-9D13-BA18F2E3BD86}.Release|Any CPU.Build.0 = Release|Any CPU
		{92A43B25-248D-4B91-ADFB-1B8343D2BBA4}.Debug|Any CPU.ActiveCfg = Debug|Any CPU
		{92A43B25-248D-4B91-ADFB-1B8343D2BBA4}.Debug|Any CPU.Build.0 = Debug|Any CPU
		{92A43B25-248D-4B91-ADFB-1B8343D2BBA4}.Release|Any CPU.ActiveCfg = Release|Any CPU
		{92A43B25-248D-4B91-ADFB-1B8343D2BBA4}.Release|Any CPU.Build.0 = Release|Any CPU
		{157D2DF4-8DDB-4469-B058-43B6AA6C7134}.Debug|Any CPU.ActiveCfg = Debug|Any CPU
		{157D2DF4-8DDB-4469-B058-43B6AA6C7134}.Debug|Any CPU.Build.0 = Debug|Any CPU
		{157D2DF4-8DDB-4469-B058-43B6AA6C7134}.Release|Any CPU.ActiveCfg = Release|Any CPU
		{157D2DF4-8DDB-4469-B058-43B6AA6C7134}.Release|Any CPU.Build.0 = Release|Any CPU
		{7CBBEC38-AF3B-41CA-82A0-B69F34E7F6B6}.Debug|Any CPU.ActiveCfg = Debug|Any CPU
		{7CBBEC38-AF3B-41CA-82A0-B69F34E7F6B6}.Debug|Any CPU.Build.0 = Debug|Any CPU
		{7CBBEC38-AF3B-41CA-82A0-B69F34E7F6B6}.Release|Any CPU.ActiveCfg = Release|Any CPU
		{7CBBEC38-AF3B-41CA-82A0-B69F34E7F6B6}.Release|Any CPU.Build.0 = Release|Any CPU
		{24B3EC8C-7485-4236-9F76-EB07FA1F3129}.Debug|Any CPU.ActiveCfg = Debug|Any CPU
		{24B3EC8C-7485-4236-9F76-EB07FA1F3129}.Debug|Any CPU.Build.0 = Debug|Any CPU
		{24B3EC8C-7485-4236-9F76-EB07FA1F3129}.Release|Any CPU.ActiveCfg = Release|Any CPU
		{24B3EC8C-7485-4236-9F76-EB07FA1F3129}.Release|Any CPU.Build.0 = Release|Any CPU
		{88AA13A8-81EF-40E5-B05C-389B0515AE0D}.Debug|Any CPU.ActiveCfg = Debug|Any CPU
		{88AA13A8-81EF-40E5-B05C-389B0515AE0D}.Debug|Any CPU.Build.0 = Debug|Any CPU
		{88AA13A8-81EF-40E5-B05C-389B0515AE0D}.Release|Any CPU.ActiveCfg = Release|Any CPU
		{88AA13A8-81EF-40E5-B05C-389B0515AE0D}.Release|Any CPU.Build.0 = Release|Any CPU
		{4A3145E3-C57B-41B1-8D68-8AF523BC6D00}.Debug|Any CPU.ActiveCfg = Debug|Any CPU
		{4A3145E3-C57B-41B1-8D68-8AF523BC6D00}.Debug|Any CPU.Build.0 = Debug|Any CPU
		{4A3145E3-C57B-41B1-8D68-8AF523BC6D00}.Release|Any CPU.ActiveCfg = Release|Any CPU
		{4A3145E3-C57B-41B1-8D68-8AF523BC6D00}.Release|Any CPU.Build.0 = Release|Any CPU
		{59F9D734-A811-4EE7-B320-ACE9F8987DD5}.Debug|Any CPU.ActiveCfg = Debug|Any CPU
		{59F9D734-A811-4EE7-B320-ACE9F8987DD5}.Debug|Any CPU.Build.0 = Debug|Any CPU
		{59F9D734-A811-4EE7-B320-ACE9F8987DD5}.Release|Any CPU.ActiveCfg = Release|Any CPU
		{59F9D734-A811-4EE7-B320-ACE9F8987DD5}.Release|Any CPU.Build.0 = Release|Any CPU
		{C5A6E04E-A4CD-4976-8276-39BE6E88B688}.Debug|Any CPU.ActiveCfg = Debug|Any CPU
		{C5A6E04E-A4CD-4976-8276-39BE6E88B688}.Debug|Any CPU.Build.0 = Debug|Any CPU
		{C5A6E04E-A4CD-4976-8276-39BE6E88B688}.Release|Any CPU.ActiveCfg = Release|Any CPU
		{C5A6E04E-A4CD-4976-8276-39BE6E88B688}.Release|Any CPU.Build.0 = Release|Any CPU
		{58C26385-6BA0-4D80-B6F1-1F5E659F8884}.Debug|Any CPU.ActiveCfg = Debug|Any CPU
		{58C26385-6BA0-4D80-B6F1-1F5E659F8884}.Debug|Any CPU.Build.0 = Debug|Any CPU
		{58C26385-6BA0-4D80-B6F1-1F5E659F8884}.Release|Any CPU.ActiveCfg = Release|Any CPU
		{58C26385-6BA0-4D80-B6F1-1F5E659F8884}.Release|Any CPU.Build.0 = Release|Any CPU
		{8A4C5C24-04A7-46B1-ADE9-BEF0012317F0}.Debug|Any CPU.ActiveCfg = Debug|Any CPU
		{8A4C5C24-04A7-46B1-ADE9-BEF0012317F0}.Debug|Any CPU.Build.0 = Debug|Any CPU
		{8A4C5C24-04A7-46B1-ADE9-BEF0012317F0}.Release|Any CPU.ActiveCfg = Release|Any CPU
		{8A4C5C24-04A7-46B1-ADE9-BEF0012317F0}.Release|Any CPU.Build.0 = Release|Any CPU
		{1E9AD1A5-C125-444A-9535-CDB269498FBD}.Debug|Any CPU.ActiveCfg = Debug|Any CPU
		{1E9AD1A5-C125-444A-9535-CDB269498FBD}.Debug|Any CPU.Build.0 = Debug|Any CPU
		{1E9AD1A5-C125-444A-9535-CDB269498FBD}.Release|Any CPU.ActiveCfg = Release|Any CPU
		{1E9AD1A5-C125-444A-9535-CDB269498FBD}.Release|Any CPU.Build.0 = Release|Any CPU
		{6D46213C-629A-4947-8ABD-544BCB87EBA5}.Debug|Any CPU.ActiveCfg = Debug|Any CPU
		{6D46213C-629A-4947-8ABD-544BCB87EBA5}.Debug|Any CPU.Build.0 = Debug|Any CPU
		{6D46213C-629A-4947-8ABD-544BCB87EBA5}.Release|Any CPU.ActiveCfg = Release|Any CPU
		{6D46213C-629A-4947-8ABD-544BCB87EBA5}.Release|Any CPU.Build.0 = Release|Any CPU
		{33DB5BE3-C8E8-49EB-AB38-789D48BB7599}.Debug|Any CPU.ActiveCfg = Debug|Any CPU
		{33DB5BE3-C8E8-49EB-AB38-789D48BB7599}.Debug|Any CPU.Build.0 = Debug|Any CPU
		{33DB5BE3-C8E8-49EB-AB38-789D48BB7599}.Release|Any CPU.ActiveCfg = Release|Any CPU
		{33DB5BE3-C8E8-49EB-AB38-789D48BB7599}.Release|Any CPU.Build.0 = Release|Any CPU
		{A05F0AE6-AA09-4C25-97CE-BA63AE8BA05B}.Debug|Any CPU.ActiveCfg = Debug|Any CPU
		{A05F0AE6-AA09-4C25-97CE-BA63AE8BA05B}.Debug|Any CPU.Build.0 = Debug|Any CPU
		{A05F0AE6-AA09-4C25-97CE-BA63AE8BA05B}.Release|Any CPU.ActiveCfg = Release|Any CPU
		{A05F0AE6-AA09-4C25-97CE-BA63AE8BA05B}.Release|Any CPU.Build.0 = Release|Any CPU
		{4323C46C-3F65-42F7-ACB0-07E99E6F9002}.Debug|Any CPU.ActiveCfg = Debug|Any CPU
		{4323C46C-3F65-42F7-ACB0-07E99E6F9002}.Debug|Any CPU.Build.0 = Debug|Any CPU
		{4323C46C-3F65-42F7-ACB0-07E99E6F9002}.Release|Any CPU.ActiveCfg = Release|Any CPU
		{4323C46C-3F65-42F7-ACB0-07E99E6F9002}.Release|Any CPU.Build.0 = Release|Any CPU
		{8B48C8D6-A0B5-4028-86CB-CBFB39AE2016}.Debug|Any CPU.ActiveCfg = Debug|Any CPU
		{8B48C8D6-A0B5-4028-86CB-CBFB39AE2016}.Debug|Any CPU.Build.0 = Debug|Any CPU
		{8B48C8D6-A0B5-4028-86CB-CBFB39AE2016}.Release|Any CPU.ActiveCfg = Release|Any CPU
		{8B48C8D6-A0B5-4028-86CB-CBFB39AE2016}.Release|Any CPU.Build.0 = Release|Any CPU
		{A2A3A842-CA21-482E-80E4-84E762B4FE3C}.Debug|Any CPU.ActiveCfg = Debug|Any CPU
		{A2A3A842-CA21-482E-80E4-84E762B4FE3C}.Debug|Any CPU.Build.0 = Debug|Any CPU
		{A2A3A842-CA21-482E-80E4-84E762B4FE3C}.Release|Any CPU.ActiveCfg = Release|Any CPU
		{A2A3A842-CA21-482E-80E4-84E762B4FE3C}.Release|Any CPU.Build.0 = Release|Any CPU
		{FF08B17E-943A-4527-8AD6-F267D8678222}.Debug|Any CPU.ActiveCfg = Debug|Any CPU
		{FF08B17E-943A-4527-8AD6-F267D8678222}.Debug|Any CPU.Build.0 = Debug|Any CPU
		{FF08B17E-943A-4527-8AD6-F267D8678222}.Release|Any CPU.ActiveCfg = Release|Any CPU
		{FF08B17E-943A-4527-8AD6-F267D8678222}.Release|Any CPU.Build.0 = Release|Any CPU
		{4DD2C628-FF4F-4422-A93F-4FB6F71647C6}.Debug|Any CPU.ActiveCfg = Debug|Any CPU
		{4DD2C628-FF4F-4422-A93F-4FB6F71647C6}.Debug|Any CPU.Build.0 = Debug|Any CPU
		{4DD2C628-FF4F-4422-A93F-4FB6F71647C6}.Release|Any CPU.ActiveCfg = Release|Any CPU
		{4DD2C628-FF4F-4422-A93F-4FB6F71647C6}.Release|Any CPU.Build.0 = Release|Any CPU
	EndGlobalSection
	GlobalSection(SolutionProperties) = preSolution
		HideSolutionNode = FALSE
	EndGlobalSection
	GlobalSection(NestedProjects) = preSolution
		{24952CDB-CE01-4798-9D13-BA18F2E3BD86} = {A1B6D840-014F-4CFA-B683-7B0EF1B3F23F}
		{92A43B25-248D-4B91-ADFB-1B8343D2BBA4} = {273ECF33-04B2-4996-8CE2-AEA1694B9B6E}
		{157D2DF4-8DDB-4469-B058-43B6AA6C7134} = {5989DC6D-D38B-4526-8A99-8F0081B84C79}
		{7CBBEC38-AF3B-41CA-82A0-B69F34E7F6B6} = {A1B6D840-014F-4CFA-B683-7B0EF1B3F23F}
		{24B3EC8C-7485-4236-9F76-EB07FA1F3129} = {5989DC6D-D38B-4526-8A99-8F0081B84C79}
		{88AA13A8-81EF-40E5-B05C-389B0515AE0D} = {A584E3AC-D901-4C10-B2B8-849D298F8825}
		{4A3145E3-C57B-41B1-8D68-8AF523BC6D00} = {A584E3AC-D901-4C10-B2B8-849D298F8825}
		{59F9D734-A811-4EE7-B320-ACE9F8987DD5} = {D8128BCA-F592-425A-BE8B-02E8D6DA8D13}
		{C5A6E04E-A4CD-4976-8276-39BE6E88B688} = {D8128BCA-F592-425A-BE8B-02E8D6DA8D13}
		{58C26385-6BA0-4D80-B6F1-1F5E659F8884} = {273ECF33-04B2-4996-8CE2-AEA1694B9B6E}
		{8A4C5C24-04A7-46B1-ADE9-BEF0012317F0} = {273ECF33-04B2-4996-8CE2-AEA1694B9B6E}
		{1E9AD1A5-C125-444A-9535-CDB269498FBD} = {A1B6D840-014F-4CFA-B683-7B0EF1B3F23F}
		{6D46213C-629A-4947-8ABD-544BCB87EBA5} = {A1B6D840-014F-4CFA-B683-7B0EF1B3F23F}
		{33DB5BE3-C8E8-49EB-AB38-789D48BB7599} = {D8128BCA-F592-425A-BE8B-02E8D6DA8D13}
		{A05F0AE6-AA09-4C25-97CE-BA63AE8BA05B} = {D8128BCA-F592-425A-BE8B-02E8D6DA8D13}
		{4323C46C-3F65-42F7-ACB0-07E99E6F9002} = {5989DC6D-D38B-4526-8A99-8F0081B84C79}
		{8B48C8D6-A0B5-4028-86CB-CBFB39AE2016} = {5989DC6D-D38B-4526-8A99-8F0081B84C79}
		{A2A3A842-CA21-482E-80E4-84E762B4FE3C} = {A584E3AC-D901-4C10-B2B8-849D298F8825}
		{FF08B17E-943A-4527-8AD6-F267D8678222} = {A584E3AC-D901-4C10-B2B8-849D298F8825}
		{4DD2C628-FF4F-4422-A93F-4FB6F71647C6} = {A584E3AC-D901-4C10-B2B8-849D298F8825}
	EndGlobalSection
	GlobalSection(ExtensibilityGlobals) = postSolution
		SolutionGuid = {48DD284E-3EAC-4498-9F1A-2AD87C8F19DE}
	EndGlobalSection
EndGlobal
